// !$*UTF8*$!
{
	archiveVersion = 1;
	classes = {
	};
	objectVersion = 46;
	objects = {

/* Begin PBXBuildFile section */
		A1B1FF4F1B7A0E3700B0D756 /* libsqlite3.0.dylib in Frameworks */ = {isa = PBXBuildFile; fileRef = A1B1FF4E1B7A0E3700B0D756 /* libsqlite3.0.dylib */; };
		A1B1FF631B7A28B300B0D756 /* FMDatabase.m in Sources */ = {isa = PBXBuildFile; fileRef = A1B1FF591B7A28B300B0D756 /* FMDatabase.m */; };
		A1B1FF641B7A28B300B0D756 /* FMDatabaseAdditions.m in Sources */ = {isa = PBXBuildFile; fileRef = A1B1FF5B1B7A28B300B0D756 /* FMDatabaseAdditions.m */; };
		A1B1FF651B7A28B300B0D756 /* FMDatabasePool.m in Sources */ = {isa = PBXBuildFile; fileRef = A1B1FF5D1B7A28B300B0D756 /* FMDatabasePool.m */; };
		A1B1FF661B7A28B300B0D756 /* FMDatabaseQueue.m in Sources */ = {isa = PBXBuildFile; fileRef = A1B1FF5F1B7A28B300B0D756 /* FMDatabaseQueue.m */; };
		A1B1FF671B7A28B300B0D756 /* FMResultSet.m in Sources */ = {isa = PBXBuildFile; fileRef = A1B1FF621B7A28B300B0D756 /* FMResultSet.m */; };
		A1B1FF6E1B7A3CBF00B0D756 /* Events.swift in Sources */ = {isa = PBXBuildFile; fileRef = A1B1FF6D1B7A3CBF00B0D756 /* Events.swift */; };
		A1B1FF701B7A3CD700B0D756 /* Schedule.swift in Sources */ = {isa = PBXBuildFile; fileRef = A1B1FF6F1B7A3CD700B0D756 /* Schedule.swift */; };
		A1B1FF721B7A54C100B0D756 /* BaseDAO.swift in Sources */ = {isa = PBXBuildFile; fileRef = A1B1FF711B7A54C100B0D756 /* BaseDAO.swift */; };
		A1BBE9751B80556600D8375E /* EventsBLTests.swift in Sources */ = {isa = PBXBuildFile; fileRef = A1BBE9741B80556600D8375E /* EventsBLTests.swift */; };
		A1BBE97B1B80561200D8375E /* EventsBL.swift in Sources */ = {isa = PBXBuildFile; fileRef = A1D354BF1B8051BA0046D0F3 /* EventsBL.swift */; };
		A1BBE97C1B80561200D8375E /* ScheduleBL.swift in Sources */ = {isa = PBXBuildFile; fileRef = A1D354C11B8052390046D0F3 /* ScheduleBL.swift */; };
		A1BBE97D1B80561200D8375E /* BaseDAO.swift in Sources */ = {isa = PBXBuildFile; fileRef = A1B1FF711B7A54C100B0D756 /* BaseDAO.swift */; };
		A1BBE97E1B80561200D8375E /* EventsDAO.swift in Sources */ = {isa = PBXBuildFile; fileRef = A1D43A621B7AF0E20059A235 /* EventsDAO.swift */; };
		A1BBE97F1B80561200D8375E /* DBHelper.swift in Sources */ = {isa = PBXBuildFile; fileRef = A1CF02AD1B7DE62600826BDD /* DBHelper.swift */; };
		A1BBE9801B80561200D8375E /* ScheduleDAO.swift in Sources */ = {isa = PBXBuildFile; fileRef = A1D51F921B7F85A400146086 /* ScheduleDAO.swift */; };
		A1BBE9811B80561200D8375E /* Events.swift in Sources */ = {isa = PBXBuildFile; fileRef = A1B1FF6D1B7A3CBF00B0D756 /* Events.swift */; };
		A1BBE9821B80561200D8375E /* Schedule.swift in Sources */ = {isa = PBXBuildFile; fileRef = A1B1FF6F1B7A3CD700B0D756 /* Schedule.swift */; };
		A1BBE9831B80561200D8375E /* FMDatabase.m in Sources */ = {isa = PBXBuildFile; fileRef = A1B1FF591B7A28B300B0D756 /* FMDatabase.m */; };
		A1BBE9841B80561200D8375E /* FMDatabaseAdditions.m in Sources */ = {isa = PBXBuildFile; fileRef = A1B1FF5B1B7A28B300B0D756 /* FMDatabaseAdditions.m */; };
		A1BBE9851B80561200D8375E /* FMDatabasePool.m in Sources */ = {isa = PBXBuildFile; fileRef = A1B1FF5D1B7A28B300B0D756 /* FMDatabasePool.m */; };
		A1BBE9861B80561200D8375E /* FMDatabaseQueue.m in Sources */ = {isa = PBXBuildFile; fileRef = A1B1FF5F1B7A28B300B0D756 /* FMDatabaseQueue.m */; };
		A1BBE9871B80561200D8375E /* FMResultSet.m in Sources */ = {isa = PBXBuildFile; fileRef = A1B1FF621B7A28B300B0D756 /* FMResultSet.m */; };
		A1BBE9881B80561F00D8375E /* libsqlite3.0.dylib in Frameworks */ = {isa = PBXBuildFile; fileRef = A1B1FF4E1B7A0E3700B0D756 /* libsqlite3.0.dylib */; };
		A1BBE9891B80562600D8375E /* create_load.sql in Resources */ = {isa = PBXBuildFile; fileRef = A1D43A5E1B7AEEBA0059A235 /* create_load.sql */; };
		A1BBE98A1B80562600D8375E /* DBConfig.plist in Resources */ = {isa = PBXBuildFile; fileRef = A1D43A5F1B7AEEBA0059A235 /* DBConfig.plist */; };
		A1BBE9A31B8087B700D8375E /* ScheduleBLTests.swift in Sources */ = {isa = PBXBuildFile; fileRef = A1BBE99C1B80876100D8375E /* ScheduleBLTests.swift */; };
		A1BBE9A41B8088E500D8375E /* PersistenceLayerTests.xctest in Sources */ = {isa = PBXBuildFile; fileRef = A1D51F7B1B7F0B6B00146086 /* PersistenceLayerTests.xctest */; };
		A1BBE9A51B8088E500D8375E /* BusinessLogicLayerTest.xctest in Sources */ = {isa = PBXBuildFile; fileRef = A1BBE9701B80556600D8375E /* BusinessLogicLayerTest.xctest */; };
		A1CF02AE1B7DE62600826BDD /* DBHelper.swift in Sources */ = {isa = PBXBuildFile; fileRef = A1CF02AD1B7DE62600826BDD /* DBHelper.swift */; };
		A1D354C01B8051BA0046D0F3 /* EventsBL.swift in Sources */ = {isa = PBXBuildFile; fileRef = A1D354BF1B8051BA0046D0F3 /* EventsBL.swift */; };
		A1D354C21B8052390046D0F3 /* ScheduleBL.swift in Sources */ = {isa = PBXBuildFile; fileRef = A1D354C11B8052390046D0F3 /* ScheduleBL.swift */; };
		A1D43A601B7AEEBA0059A235 /* create_load.sql in Resources */ = {isa = PBXBuildFile; fileRef = A1D43A5E1B7AEEBA0059A235 /* create_load.sql */; };
		A1D43A611B7AEEBA0059A235 /* DBConfig.plist in Resources */ = {isa = PBXBuildFile; fileRef = A1D43A5F1B7AEEBA0059A235 /* DBConfig.plist */; };
		A1D43A631B7AF0E20059A235 /* EventsDAO.swift in Sources */ = {isa = PBXBuildFile; fileRef = A1D43A621B7AF0E20059A235 /* EventsDAO.swift */; };
		A1D51F801B7F0B6B00146086 /* EventsDAOTests.swift in Sources */ = {isa = PBXBuildFile; fileRef = A1D51F7F1B7F0B6B00146086 /* EventsDAOTests.swift */; };
		A1D51F861B7F0BA700146086 /* libsqlite3.0.dylib in Frameworks */ = {isa = PBXBuildFile; fileRef = A1B1FF4E1B7A0E3700B0D756 /* libsqlite3.0.dylib */; };
		A1D51F871B7F0BAC00146086 /* create_load.sql in Resources */ = {isa = PBXBuildFile; fileRef = A1D43A5E1B7AEEBA0059A235 /* create_load.sql */; };
		A1D51F881B7F0BAC00146086 /* DBConfig.plist in Resources */ = {isa = PBXBuildFile; fileRef = A1D43A5F1B7AEEBA0059A235 /* DBConfig.plist */; };
		A1D51F891B7F0BCA00146086 /* BaseDAO.swift in Sources */ = {isa = PBXBuildFile; fileRef = A1B1FF711B7A54C100B0D756 /* BaseDAO.swift */; };
		A1D51F8A1B7F0BCA00146086 /* EventsDAO.swift in Sources */ = {isa = PBXBuildFile; fileRef = A1D43A621B7AF0E20059A235 /* EventsDAO.swift */; };
		A1D51F8B1B7F0BCA00146086 /* DBHelper.swift in Sources */ = {isa = PBXBuildFile; fileRef = A1CF02AD1B7DE62600826BDD /* DBHelper.swift */; };
		A1D51F8C1B7F0BCA00146086 /* Events.swift in Sources */ = {isa = PBXBuildFile; fileRef = A1B1FF6D1B7A3CBF00B0D756 /* Events.swift */; };
		A1D51F8D1B7F0BCA00146086 /* FMDatabase.m in Sources */ = {isa = PBXBuildFile; fileRef = A1B1FF591B7A28B300B0D756 /* FMDatabase.m */; };
		A1D51F8E1B7F0BCA00146086 /* FMDatabaseAdditions.m in Sources */ = {isa = PBXBuildFile; fileRef = A1B1FF5B1B7A28B300B0D756 /* FMDatabaseAdditions.m */; };
		A1D51F8F1B7F0BCA00146086 /* FMDatabasePool.m in Sources */ = {isa = PBXBuildFile; fileRef = A1B1FF5D1B7A28B300B0D756 /* FMDatabasePool.m */; };
		A1D51F901B7F0BCA00146086 /* FMDatabaseQueue.m in Sources */ = {isa = PBXBuildFile; fileRef = A1B1FF5F1B7A28B300B0D756 /* FMDatabaseQueue.m */; };
		A1D51F911B7F0BCA00146086 /* FMResultSet.m in Sources */ = {isa = PBXBuildFile; fileRef = A1B1FF621B7A28B300B0D756 /* FMResultSet.m */; };
		A1D51F931B7F85A400146086 /* ScheduleDAO.swift in Sources */ = {isa = PBXBuildFile; fileRef = A1D51F921B7F85A400146086 /* ScheduleDAO.swift */; };
		A1D51F941B7F881400146086 /* ScheduleDAO.swift in Sources */ = {isa = PBXBuildFile; fileRef = A1D51F921B7F85A400146086 /* ScheduleDAO.swift */; };
		A1D51F951B7F881400146086 /* Schedule.swift in Sources */ = {isa = PBXBuildFile; fileRef = A1B1FF6F1B7A3CD700B0D756 /* Schedule.swift */; };
		A1D51F9C1B7F8C5700146086 /* ScheduleDAOTests.swift in Sources */ = {isa = PBXBuildFile; fileRef = A1D51F9B1B7F8C5700146086 /* ScheduleDAOTests.swift */; };
		A1F459211B72240F007DF525 /* AppDelegate.swift in Sources */ = {isa = PBXBuildFile; fileRef = A1F459201B72240F007DF525 /* AppDelegate.swift */; };
		A1F459231B72240F007DF525 /* ViewController.swift in Sources */ = {isa = PBXBuildFile; fileRef = A1F459221B72240F007DF525 /* ViewController.swift */; };
		A1F459261B72240F007DF525 /* Main.storyboard in Resources */ = {isa = PBXBuildFile; fileRef = A1F459241B72240F007DF525 /* Main.storyboard */; };
		A1F459281B72240F007DF525 /* Images.xcassets in Resources */ = {isa = PBXBuildFile; fileRef = A1F459271B72240F007DF525 /* Images.xcassets */; };
		A1F4592B1B72240F007DF525 /* LaunchScreen.xib in Resources */ = {isa = PBXBuildFile; fileRef = A1F459291B72240F007DF525 /* LaunchScreen.xib */; };
/* End PBXBuildFile section */

/* Begin PBXContainerItemProxy section */
		A1BBE9761B80556600D8375E /* PBXContainerItemProxy */ = {
			isa = PBXContainerItemProxy;
			containerPortal = A1F459131B72240F007DF525 /* Project object */;
			proxyType = 1;
			remoteGlobalIDString = A1F4591A1B72240F007DF525;
			remoteInfo = RioOlympics2016;
		};
		A1D51F811B7F0B6B00146086 /* PBXContainerItemProxy */ = {
			isa = PBXContainerItemProxy;
			containerPortal = A1F459131B72240F007DF525 /* Project object */;
			proxyType = 1;
			remoteGlobalIDString = A1F4591A1B72240F007DF525;
			remoteInfo = RioOlympics2016;
		};
/* End PBXContainerItemProxy section */

/* Begin PBXFileReference section */
		A1B1FF4E1B7A0E3700B0D756 /* libsqlite3.0.dylib */ = {isa = PBXFileReference; lastKnownFileType = "compiled.mach-o.dylib"; name = libsqlite3.0.dylib; path = usr/lib/libsqlite3.0.dylib; sourceTree = SDKROOT; };
		A1B1FF511B7A0F3700B0D756 /* RioOlympics2016-Bridging-Header.h */ = {isa = PBXFileReference; lastKnownFileType = sourcecode.c.h; path = "RioOlympics2016-Bridging-Header.h"; sourceTree = "<group>"; };
		A1B1FF581B7A28B300B0D756 /* FMDatabase.h */ = {isa = PBXFileReference; fileEncoding = 4; lastKnownFileType = sourcecode.c.h; path = FMDatabase.h; sourceTree = "<group>"; };
		A1B1FF591B7A28B300B0D756 /* FMDatabase.m */ = {isa = PBXFileReference; fileEncoding = 4; lastKnownFileType = sourcecode.c.objc; path = FMDatabase.m; sourceTree = "<group>"; };
		A1B1FF5A1B7A28B300B0D756 /* FMDatabaseAdditions.h */ = {isa = PBXFileReference; fileEncoding = 4; lastKnownFileType = sourcecode.c.h; path = FMDatabaseAdditions.h; sourceTree = "<group>"; };
		A1B1FF5B1B7A28B300B0D756 /* FMDatabaseAdditions.m */ = {isa = PBXFileReference; fileEncoding = 4; lastKnownFileType = sourcecode.c.objc; path = FMDatabaseAdditions.m; sourceTree = "<group>"; };
		A1B1FF5C1B7A28B300B0D756 /* FMDatabasePool.h */ = {isa = PBXFileReference; fileEncoding = 4; lastKnownFileType = sourcecode.c.h; path = FMDatabasePool.h; sourceTree = "<group>"; };
		A1B1FF5D1B7A28B300B0D756 /* FMDatabasePool.m */ = {isa = PBXFileReference; fileEncoding = 4; lastKnownFileType = sourcecode.c.objc; path = FMDatabasePool.m; sourceTree = "<group>"; };
		A1B1FF5E1B7A28B300B0D756 /* FMDatabaseQueue.h */ = {isa = PBXFileReference; fileEncoding = 4; lastKnownFileType = sourcecode.c.h; path = FMDatabaseQueue.h; sourceTree = "<group>"; };
		A1B1FF5F1B7A28B300B0D756 /* FMDatabaseQueue.m */ = {isa = PBXFileReference; fileEncoding = 4; lastKnownFileType = sourcecode.c.objc; path = FMDatabaseQueue.m; sourceTree = "<group>"; };
		A1B1FF601B7A28B300B0D756 /* FMDB.h */ = {isa = PBXFileReference; fileEncoding = 4; lastKnownFileType = sourcecode.c.h; path = FMDB.h; sourceTree = "<group>"; };
		A1B1FF611B7A28B300B0D756 /* FMResultSet.h */ = {isa = PBXFileReference; fileEncoding = 4; lastKnownFileType = sourcecode.c.h; path = FMResultSet.h; sourceTree = "<group>"; };
		A1B1FF621B7A28B300B0D756 /* FMResultSet.m */ = {isa = PBXFileReference; fileEncoding = 4; lastKnownFileType = sourcecode.c.objc; path = FMResultSet.m; sourceTree = "<group>"; };
		A1B1FF6D1B7A3CBF00B0D756 /* Events.swift */ = {isa = PBXFileReference; fileEncoding = 4; lastKnownFileType = sourcecode.swift; path = Events.swift; sourceTree = "<group>"; };
		A1B1FF6F1B7A3CD700B0D756 /* Schedule.swift */ = {isa = PBXFileReference; fileEncoding = 4; lastKnownFileType = sourcecode.swift; path = Schedule.swift; sourceTree = "<group>"; };
		A1B1FF711B7A54C100B0D756 /* BaseDAO.swift */ = {isa = PBXFileReference; fileEncoding = 4; lastKnownFileType = sourcecode.swift; path = BaseDAO.swift; sourceTree = "<group>"; };
		A1BBE9701B80556600D8375E /* BusinessLogicLayerTest.xctest */ = {isa = PBXFileReference; explicitFileType = wrapper.cfbundle; includeInIndex = 0; path = BusinessLogicLayerTest.xctest; sourceTree = BUILT_PRODUCTS_DIR; };
		A1BBE9731B80556600D8375E /* Info.plist */ = {isa = PBXFileReference; lastKnownFileType = text.plist.xml; path = Info.plist; sourceTree = "<group>"; };
		A1BBE9741B80556600D8375E /* EventsBLTests.swift */ = {isa = PBXFileReference; lastKnownFileType = sourcecode.swift; path = EventsBLTests.swift; sourceTree = "<group>"; };
		A1BBE99C1B80876100D8375E /* ScheduleBLTests.swift */ = {isa = PBXFileReference; lastKnownFileType = sourcecode.swift; name = ScheduleBLTests.swift; path = ../11111/ScheduleBLTests.swift; sourceTree = "<group>"; };
		A1CF02AD1B7DE62600826BDD /* DBHelper.swift */ = {isa = PBXFileReference; fileEncoding = 4; lastKnownFileType = sourcecode.swift; path = DBHelper.swift; sourceTree = "<group>"; };
		A1D354BF1B8051BA0046D0F3 /* EventsBL.swift */ = {isa = PBXFileReference; fileEncoding = 4; lastKnownFileType = sourcecode.swift; path = EventsBL.swift; sourceTree = "<group>"; };
		A1D354C11B8052390046D0F3 /* ScheduleBL.swift */ = {isa = PBXFileReference; fileEncoding = 4; lastKnownFileType = sourcecode.swift; path = ScheduleBL.swift; sourceTree = "<group>"; };
		A1D43A5E1B7AEEBA0059A235 /* create_load.sql */ = {isa = PBXFileReference; fileEncoding = 4; lastKnownFileType = text; path = create_load.sql; sourceTree = "<group>"; };
		A1D43A5F1B7AEEBA0059A235 /* DBConfig.plist */ = {isa = PBXFileReference; fileEncoding = 4; lastKnownFileType = text.plist.xml; path = DBConfig.plist; sourceTree = "<group>"; };
		A1D43A621B7AF0E20059A235 /* EventsDAO.swift */ = {isa = PBXFileReference; fileEncoding = 4; lastKnownFileType = sourcecode.swift; path = EventsDAO.swift; sourceTree = "<group>"; };
		A1D51F7B1B7F0B6B00146086 /* PersistenceLayerTests.xctest */ = {isa = PBXFileReference; explicitFileType = wrapper.cfbundle; includeInIndex = 0; path = PersistenceLayerTests.xctest; sourceTree = BUILT_PRODUCTS_DIR; };
		A1D51F7E1B7F0B6B00146086 /* Info.plist */ = {isa = PBXFileReference; lastKnownFileType = text.plist.xml; path = Info.plist; sourceTree = "<group>"; };
		A1D51F7F1B7F0B6B00146086 /* EventsDAOTests.swift */ = {isa = PBXFileReference; lastKnownFileType = sourcecode.swift; path = EventsDAOTests.swift; sourceTree = "<group>"; };
		A1D51F921B7F85A400146086 /* ScheduleDAO.swift */ = {isa = PBXFileReference; fileEncoding = 4; lastKnownFileType = sourcecode.swift; path = ScheduleDAO.swift; sourceTree = "<group>"; };
		A1D51F9B1B7F8C5700146086 /* ScheduleDAOTests.swift */ = {isa = PBXFileReference; fileEncoding = 4; lastKnownFileType = sourcecode.swift; path = ScheduleDAOTests.swift; sourceTree = "<group>"; };
		A1F4591B1B72240F007DF525 /* RioOlympics2016.app */ = {isa = PBXFileReference; explicitFileType = wrapper.application; includeInIndex = 0; path = RioOlympics2016.app; sourceTree = BUILT_PRODUCTS_DIR; };
		A1F4591F1B72240F007DF525 /* Info.plist */ = {isa = PBXFileReference; lastKnownFileType = text.plist.xml; path = Info.plist; sourceTree = "<group>"; };
		A1F459201B72240F007DF525 /* AppDelegate.swift */ = {isa = PBXFileReference; lastKnownFileType = sourcecode.swift; path = AppDelegate.swift; sourceTree = "<group>"; };
		A1F459221B72240F007DF525 /* ViewController.swift */ = {isa = PBXFileReference; lastKnownFileType = sourcecode.swift; path = ViewController.swift; sourceTree = "<group>"; };
		A1F459251B72240F007DF525 /* Base */ = {isa = PBXFileReference; lastKnownFileType = file.storyboard; name = Base; path = Base.lproj/Main.storyboard; sourceTree = "<group>"; };
		A1F459271B72240F007DF525 /* Images.xcassets */ = {isa = PBXFileReference; lastKnownFileType = folder.assetcatalog; path = Images.xcassets; sourceTree = "<group>"; };
		A1F4592A1B72240F007DF525 /* Base */ = {isa = PBXFileReference; lastKnownFileType = file.xib; name = Base; path = Base.lproj/LaunchScreen.xib; sourceTree = "<group>"; };
/* End PBXFileReference section */

/* Begin PBXFrameworksBuildPhase section */
		A1BBE96D1B80556600D8375E /* Frameworks */ = {
			isa = PBXFrameworksBuildPhase;
			buildActionMask = 2147483647;
			files = (
				A1BBE9881B80561F00D8375E /* libsqlite3.0.dylib in Frameworks */,
			);
			runOnlyForDeploymentPostprocessing = 0;
		};
		A1D51F781B7F0B6B00146086 /* Frameworks */ = {
			isa = PBXFrameworksBuildPhase;
			buildActionMask = 2147483647;
			files = (
				A1D51F861B7F0BA700146086 /* libsqlite3.0.dylib in Frameworks */,
			);
			runOnlyForDeploymentPostprocessing = 0;
		};
		A1F459181B72240F007DF525 /* Frameworks */ = {
			isa = PBXFrameworksBuildPhase;
			buildActionMask = 2147483647;
			files = (
				A1B1FF4F1B7A0E3700B0D756 /* libsqlite3.0.dylib in Frameworks */,
			);
			runOnlyForDeploymentPostprocessing = 0;
		};
/* End PBXFrameworksBuildPhase section */

/* Begin PBXGroup section */
		A1B1FF551B7A285400B0D756 /* foundation */ = {
			isa = PBXGroup;
			children = (
				A1B1FF571B7A28B300B0D756 /* fmdb */,
			);
			path = foundation;
			sourceTree = "<group>";
		};
		A1B1FF561B7A285400B0D756 /* framework */ = {
			isa = PBXGroup;
			children = (
				A1B1FF4E1B7A0E3700B0D756 /* libsqlite3.0.dylib */,
			);
			path = framework;
			sourceTree = "<group>";
		};
		A1B1FF571B7A28B300B0D756 /* fmdb */ = {
			isa = PBXGroup;
			children = (
				A1B1FF581B7A28B300B0D756 /* FMDatabase.h */,
				A1B1FF591B7A28B300B0D756 /* FMDatabase.m */,
				A1B1FF5A1B7A28B300B0D756 /* FMDatabaseAdditions.h */,
				A1B1FF5B1B7A28B300B0D756 /* FMDatabaseAdditions.m */,
				A1B1FF5C1B7A28B300B0D756 /* FMDatabasePool.h */,
				A1B1FF5D1B7A28B300B0D756 /* FMDatabasePool.m */,
				A1B1FF5E1B7A28B300B0D756 /* FMDatabaseQueue.h */,
				A1B1FF5F1B7A28B300B0D756 /* FMDatabaseQueue.m */,
				A1B1FF601B7A28B300B0D756 /* FMDB.h */,
				A1B1FF611B7A28B300B0D756 /* FMResultSet.h */,
				A1B1FF621B7A28B300B0D756 /* FMResultSet.m */,
			);
			path = fmdb;
			sourceTree = "<group>";
		};
		A1B1FF691B7A3B1500B0D756 /* dao */ = {
			isa = PBXGroup;
			children = (
				A1B1FF711B7A54C100B0D756 /* BaseDAO.swift */,
				A1D43A621B7AF0E20059A235 /* EventsDAO.swift */,
				A1CF02AD1B7DE62600826BDD /* DBHelper.swift */,
				A1D51F921B7F85A400146086 /* ScheduleDAO.swift */,
			);
			path = dao;
			sourceTree = "<group>";
		};
		A1B1FF6A1B7A3B1500B0D756 /* domain */ = {
			isa = PBXGroup;
			children = (
				A1B1FF6D1B7A3CBF00B0D756 /* Events.swift */,
				A1B1FF6F1B7A3CD700B0D756 /* Schedule.swift */,
			);
			path = domain;
			sourceTree = "<group>";
		};
		A1BBE9711B80556600D8375E /* BusinessLogicLayerTests */ = {
			isa = PBXGroup;
			children = (
				A1BBE99C1B80876100D8375E /* ScheduleBLTests.swift */,
				A1BBE9741B80556600D8375E /* EventsBLTests.swift */,
				A1BBE9721B80556600D8375E /* Supporting Files */,
			);
			name = BusinessLogicLayerTests;
			path = BusinessLogicLayerTest;
			sourceTree = SOURCE_ROOT;
		};
		A1BBE9721B80556600D8375E /* Supporting Files */ = {
			isa = PBXGroup;
			children = (
				A1BBE9731B80556600D8375E /* Info.plist */,
			);
			name = "Supporting Files";
			sourceTree = "<group>";
		};
		A1D43A5D1B7AEEBA0059A235 /* DBFile */ = {
			isa = PBXGroup;
			children = (
				A1D43A5E1B7AEEBA0059A235 /* create_load.sql */,
				A1D43A5F1B7AEEBA0059A235 /* DBConfig.plist */,
			);
			path = DBFile;
			sourceTree = "<group>";
		};
		A1D51F7C1B7F0B6B00146086 /* PersistenceLayerTests */ = {
			isa = PBXGroup;
			children = (
				A1D51F9B1B7F8C5700146086 /* ScheduleDAOTests.swift */,
				A1D51F7F1B7F0B6B00146086 /* EventsDAOTests.swift */,
				A1D51F7D1B7F0B6B00146086 /* Supporting Files */,
			);
			path = PersistenceLayerTests;
			sourceTree = "<group>";
		};
		A1D51F7D1B7F0B6B00146086 /* Supporting Files */ = {
			isa = PBXGroup;
			children = (
				A1D51F7E1B7F0B6B00146086 /* Info.plist */,
			);
			name = "Supporting Files";
			sourceTree = "<group>";
		};
		A1F459121B72240F007DF525 = {
			isa = PBXGroup;
			children = (
				A1D43A5D1B7AEEBA0059A235 /* DBFile */,
				A1F4591D1B72240F007DF525 /* RioOlympics2016 */,
				A1F459401B72246B007DF525 /* BusinessLogicLayer */,
				A1F459411B722471007DF525 /* PersistenceLayer */,
				A1B1FF561B7A285400B0D756 /* framework */,
				A1B1FF551B7A285400B0D756 /* foundation */,
				A1D51F7C1B7F0B6B00146086 /* PersistenceLayerTests */,
				A1F4591C1B72240F007DF525 /* Products */,
			);
			sourceTree = "<group>";
		};
		A1F4591C1B72240F007DF525 /* Products */ = {
			isa = PBXGroup;
			children = (
				A1F4591B1B72240F007DF525 /* RioOlympics2016.app */,
				A1D51F7B1B7F0B6B00146086 /* PersistenceLayerTests.xctest */,
				A1BBE9701B80556600D8375E /* BusinessLogicLayerTest.xctest */,
			);
			name = Products;
			sourceTree = "<group>";
		};
		A1F4591D1B72240F007DF525 /* RioOlympics2016 */ = {
			isa = PBXGroup;
			children = (
				A1F459201B72240F007DF525 /* AppDelegate.swift */,
				A1F459221B72240F007DF525 /* ViewController.swift */,
				A1F459241B72240F007DF525 /* Main.storyboard */,
				A1F459271B72240F007DF525 /* Images.xcassets */,
				A1F459291B72240F007DF525 /* LaunchScreen.xib */,
				A1F4591E1B72240F007DF525 /* Supporting Files */,
			);
			path = RioOlympics2016;
			sourceTree = "<group>";
		};
		A1F4591E1B72240F007DF525 /* Supporting Files */ = {
			isa = PBXGroup;
			children = (
				A1B1FF511B7A0F3700B0D756 /* RioOlympics2016-Bridging-Header.h */,
				A1F4591F1B72240F007DF525 /* Info.plist */,
			);
			name = "Supporting Files";
			sourceTree = "<group>";
		};
		A1F459401B72246B007DF525 /* BusinessLogicLayer */ = {
			isa = PBXGroup;
			children = (
				A1D354BF1B8051BA0046D0F3 /* EventsBL.swift */,
				A1D354C11B8052390046D0F3 /* ScheduleBL.swift */,
				A1BBE9711B80556600D8375E /* BusinessLogicLayerTests */,
			);
			path = BusinessLogicLayer;
			sourceTree = "<group>";
		};
		A1F459411B722471007DF525 /* PersistenceLayer */ = {
			isa = PBXGroup;
			children = (
				A1B1FF691B7A3B1500B0D756 /* dao */,
				A1B1FF6A1B7A3B1500B0D756 /* domain */,
			);
			path = PersistenceLayer;
			sourceTree = "<group>";
		};
/* End PBXGroup section */

/* Begin PBXNativeTarget section */
		A1BBE96F1B80556600D8375E /* BusinessLogicLayerTest */ = {
			isa = PBXNativeTarget;
			buildConfigurationList = A1BBE97A1B80556600D8375E /* Build configuration list for PBXNativeTarget "BusinessLogicLayerTest" */;
			buildPhases = (
				A1BBE96C1B80556600D8375E /* Sources */,
				A1BBE96D1B80556600D8375E /* Frameworks */,
				A1BBE96E1B80556600D8375E /* Resources */,
			);
			buildRules = (
			);
			dependencies = (
				A1BBE9771B80556600D8375E /* PBXTargetDependency */,
			);
			name = BusinessLogicLayerTest;
			productName = BusinessLogicLayerTest;
			productReference = A1BBE9701B80556600D8375E /* BusinessLogicLayerTest.xctest */;
			productType = "com.apple.product-type.bundle.unit-test";
		};
		A1D51F7A1B7F0B6B00146086 /* PersistenceLayerTests */ = {
			isa = PBXNativeTarget;
			buildConfigurationList = A1D51F831B7F0B6B00146086 /* Build configuration list for PBXNativeTarget "PersistenceLayerTests" */;
			buildPhases = (
				A1D51F771B7F0B6B00146086 /* Sources */,
				A1D51F781B7F0B6B00146086 /* Frameworks */,
				A1D51F791B7F0B6B00146086 /* Resources */,
			);
			buildRules = (
			);
			dependencies = (
				A1D51F821B7F0B6B00146086 /* PBXTargetDependency */,
			);
			name = PersistenceLayerTests;
			productName = PersistenceLayerTests;
			productReference = A1D51F7B1B7F0B6B00146086 /* PersistenceLayerTests.xctest */;
			productType = "com.apple.product-type.bundle.unit-test";
		};
		A1F4591A1B72240F007DF525 /* RioOlympics2016 */ = {
			isa = PBXNativeTarget;
			buildConfigurationList = A1F4593A1B72240F007DF525 /* Build configuration list for PBXNativeTarget "RioOlympics2016" */;
			buildPhases = (
				A1F459171B72240F007DF525 /* Sources */,
				A1F459181B72240F007DF525 /* Frameworks */,
				A1F459191B72240F007DF525 /* Resources */,
			);
			buildRules = (
			);
			dependencies = (
			);
			name = RioOlympics2016;
			productName = RioOlympics2016;
			productReference = A1F4591B1B72240F007DF525 /* RioOlympics2016.app */;
			productType = "com.apple.product-type.application";
		};
/* End PBXNativeTarget section */

/* Begin PBXProject section */
		A1F459131B72240F007DF525 /* Project object */ = {
			isa = PBXProject;
			attributes = {
				LastUpgradeCheck = 0640;
				ORGANIZATIONNAME = qin;
				TargetAttributes = {
					A1BBE96F1B80556600D8375E = {
						CreatedOnToolsVersion = 6.4;
						TestTargetID = A1F4591A1B72240F007DF525;
					};
					A1D51F7A1B7F0B6B00146086 = {
						CreatedOnToolsVersion = 6.4;
						TestTargetID = A1F4591A1B72240F007DF525;
					};
					A1F4591A1B72240F007DF525 = {
						CreatedOnToolsVersion = 6.4;
					};
				};
			};
			buildConfigurationList = A1F459161B72240F007DF525 /* Build configuration list for PBXProject "RioOlympics2016" */;
			compatibilityVersion = "Xcode 3.2";
			developmentRegion = English;
			hasScannedForEncodings = 0;
			knownRegions = (
				en,
				Base,
			);
			mainGroup = A1F459121B72240F007DF525;
			productRefGroup = A1F4591C1B72240F007DF525 /* Products */;
			projectDirPath = "";
			projectRoot = "";
			targets = (
				A1F4591A1B72240F007DF525 /* RioOlympics2016 */,
				A1D51F7A1B7F0B6B00146086 /* PersistenceLayerTests */,
				A1BBE96F1B80556600D8375E /* BusinessLogicLayerTest */,
			);
		};
/* End PBXProject section */

/* Begin PBXResourcesBuildPhase section */
		A1BBE96E1B80556600D8375E /* Resources */ = {
			isa = PBXResourcesBuildPhase;
			buildActionMask = 2147483647;
			files = (
				A1BBE9891B80562600D8375E /* create_load.sql in Resources */,
				A1BBE98A1B80562600D8375E /* DBConfig.plist in Resources */,
			);
			runOnlyForDeploymentPostprocessing = 0;
		};
		A1D51F791B7F0B6B00146086 /* Resources */ = {
			isa = PBXResourcesBuildPhase;
			buildActionMask = 2147483647;
			files = (
				A1D51F871B7F0BAC00146086 /* create_load.sql in Resources */,
				A1D51F881B7F0BAC00146086 /* DBConfig.plist in Resources */,
			);
			runOnlyForDeploymentPostprocessing = 0;
		};
		A1F459191B72240F007DF525 /* Resources */ = {
			isa = PBXResourcesBuildPhase;
			buildActionMask = 2147483647;
			files = (
				A1D43A611B7AEEBA0059A235 /* DBConfig.plist in Resources */,
				A1D43A601B7AEEBA0059A235 /* create_load.sql in Resources */,
				A1F459261B72240F007DF525 /* Main.storyboard in Resources */,
				A1F4592B1B72240F007DF525 /* LaunchScreen.xib in Resources */,
				A1F459281B72240F007DF525 /* Images.xcassets in Resources */,
			);
			runOnlyForDeploymentPostprocessing = 0;
		};
/* End PBXResourcesBuildPhase section */

/* Begin PBXSourcesBuildPhase section */
		A1BBE96C1B80556600D8375E /* Sources */ = {
			isa = PBXSourcesBuildPhase;
			buildActionMask = 2147483647;
			files = (
				A1BBE9A41B8088E500D8375E /* PersistenceLayerTests.xctest in Sources */,
				A1BBE9A51B8088E500D8375E /* BusinessLogicLayerTest.xctest in Sources */,
				A1BBE9A31B8087B700D8375E /* ScheduleBLTests.swift in Sources */,
				A1BBE97B1B80561200D8375E /* EventsBL.swift in Sources */,
				A1BBE97C1B80561200D8375E /* ScheduleBL.swift in Sources */,
				A1BBE97D1B80561200D8375E /* BaseDAO.swift in Sources */,
				A1BBE97E1B80561200D8375E /* EventsDAO.swift in Sources */,
				A1BBE97F1B80561200D8375E /* DBHelper.swift in Sources */,
				A1BBE9801B80561200D8375E /* ScheduleDAO.swift in Sources */,
				A1BBE9811B80561200D8375E /* Events.swift in Sources */,
				A1BBE9821B80561200D8375E /* Schedule.swift in Sources */,
				A1BBE9831B80561200D8375E /* FMDatabase.m in Sources */,
				A1BBE9841B80561200D8375E /* FMDatabaseAdditions.m in Sources */,
				A1BBE9851B80561200D8375E /* FMDatabasePool.m in Sources */,
				A1BBE9861B80561200D8375E /* FMDatabaseQueue.m in Sources */,
				A1BBE9871B80561200D8375E /* FMResultSet.m in Sources */,
				A1BBE9751B80556600D8375E /* EventsBLTests.swift in Sources */,
			);
			runOnlyForDeploymentPostprocessing = 0;
		};
		A1D51F771B7F0B6B00146086 /* Sources */ = {
			isa = PBXSourcesBuildPhase;
			buildActionMask = 2147483647;
			files = (
				A1D51F941B7F881400146086 /* ScheduleDAO.swift in Sources */,
				A1D51F951B7F881400146086 /* Schedule.swift in Sources */,
				A1D51F891B7F0BCA00146086 /* BaseDAO.swift in Sources */,
				A1D51F8A1B7F0BCA00146086 /* EventsDAO.swift in Sources */,
				A1D51F9C1B7F8C5700146086 /* ScheduleDAOTests.swift in Sources */,
				A1D51F8B1B7F0BCA00146086 /* DBHelper.swift in Sources */,
				A1D51F8C1B7F0BCA00146086 /* Events.swift in Sources */,
				A1D51F8D1B7F0BCA00146086 /* FMDatabase.m in Sources */,
				A1D51F8E1B7F0BCA00146086 /* FMDatabaseAdditions.m in Sources */,
				A1D51F8F1B7F0BCA00146086 /* FMDatabasePool.m in Sources */,
				A1D51F901B7F0BCA00146086 /* FMDatabaseQueue.m in Sources */,
				A1D51F911B7F0BCA00146086 /* FMResultSet.m in Sources */,
				A1D51F801B7F0B6B00146086 /* EventsDAOTests.swift in Sources */,
			);
			runOnlyForDeploymentPostprocessing = 0;
		};
		A1F459171B72240F007DF525 /* Sources */ = {
			isa = PBXSourcesBuildPhase;
			buildActionMask = 2147483647;
			files = (
				A1B1FF631B7A28B300B0D756 /* FMDatabase.m in Sources */,
				A1F459231B72240F007DF525 /* ViewController.swift in Sources */,
				A1B1FF671B7A28B300B0D756 /* FMResultSet.m in Sources */,
				A1D43A631B7AF0E20059A235 /* EventsDAO.swift in Sources */,
				A1D354C01B8051BA0046D0F3 /* EventsBL.swift in Sources */,
				A1D51F931B7F85A400146086 /* ScheduleDAO.swift in Sources */,
				A1B1FF701B7A3CD700B0D756 /* Schedule.swift in Sources */,
				A1B1FF651B7A28B300B0D756 /* FMDatabasePool.m in Sources */,
				A1B1FF6E1B7A3CBF00B0D756 /* Events.swift in Sources */,
				A1F459211B72240F007DF525 /* AppDelegate.swift in Sources */,
				A1B1FF641B7A28B300B0D756 /* FMDatabaseAdditions.m in Sources */,
				A1D354C21B8052390046D0F3 /* ScheduleBL.swift in Sources */,
				A1B1FF661B7A28B300B0D756 /* FMDatabaseQueue.m in Sources */,
				A1B1FF721B7A54C100B0D756 /* BaseDAO.swift in Sources */,
				A1CF02AE1B7DE62600826BDD /* DBHelper.swift in Sources */,
			);
			runOnlyForDeploymentPostprocessing = 0;
		};
/* End PBXSourcesBuildPhase section */

/* Begin PBXTargetDependency section */
		A1BBE9771B80556600D8375E /* PBXTargetDependency */ = {
			isa = PBXTargetDependency;
			target = A1F4591A1B72240F007DF525 /* RioOlympics2016 */;
			targetProxy = A1BBE9761B80556600D8375E /* PBXContainerItemProxy */;
		};
		A1D51F821B7F0B6B00146086 /* PBXTargetDependency */ = {
			isa = PBXTargetDependency;
			target = A1F4591A1B72240F007DF525 /* RioOlympics2016 */;
			targetProxy = A1D51F811B7F0B6B00146086 /* PBXContainerItemProxy */;
		};
/* End PBXTargetDependency section */

/* Begin PBXVariantGroup section */
		A1F459241B72240F007DF525 /* Main.storyboard */ = {
			isa = PBXVariantGroup;
			children = (
				A1F459251B72240F007DF525 /* Base */,
			);
			name = Main.storyboard;
			sourceTree = "<group>";
		};
		A1F459291B72240F007DF525 /* LaunchScreen.xib */ = {
			isa = PBXVariantGroup;
			children = (
				A1F4592A1B72240F007DF525 /* Base */,
			);
			name = LaunchScreen.xib;
			sourceTree = "<group>";
		};
/* End PBXVariantGroup section */

/* Begin XCBuildConfiguration section */
		A1BBE9781B80556600D8375E /* Debug */ = {
			isa = XCBuildConfiguration;
			buildSettings = {
				BUNDLE_LOADER = "$(TEST_HOST)";
				FRAMEWORK_SEARCH_PATHS = (
					"$(SDKROOT)/Developer/Library/Frameworks",
					"$(inherited)",
				);
				GCC_PREPROCESSOR_DEFINITIONS = (
					"DEBUG=1",
					"$(inherited)",
				);
				INFOPLIST_FILE = BusinessLogicLayerTest/Info.plist;
				LD_RUNPATH_SEARCH_PATHS = "$(inherited) @executable_path/Frameworks @loader_path/Frameworks";
				PRODUCT_NAME = "$(TARGET_NAME)";
				SWIFT_OBJC_BRIDGING_HEADER = "RioOlympics2016/RioOlympics2016-Bridging-Header.h";
				TEST_HOST = "$(BUILT_PRODUCTS_DIR)/RioOlympics2016.app/RioOlympics2016";
			};
			name = Debug;
		};
		A1BBE9791B80556600D8375E /* Release */ = {
			isa = XCBuildConfiguration;
			buildSettings = {
				BUNDLE_LOADER = "$(TEST_HOST)";
				FRAMEWORK_SEARCH_PATHS = (
					"$(SDKROOT)/Developer/Library/Frameworks",
					"$(inherited)",
				);
				INFOPLIST_FILE = BusinessLogicLayerTest/Info.plist;
				LD_RUNPATH_SEARCH_PATHS = "$(inherited) @executable_path/Frameworks @loader_path/Frameworks";
				PRODUCT_NAME = "$(TARGET_NAME)";
				SWIFT_OBJC_BRIDGING_HEADER = "RioOlympics2016/RioOlympics2016-Bridging-Header.h";
				TEST_HOST = "$(BUILT_PRODUCTS_DIR)/RioOlympics2016.app/RioOlympics2016";
			};
			name = Release;
		};
		A1D51F841B7F0B6B00146086 /* Debug */ = {
			isa = XCBuildConfiguration;
			buildSettings = {
				BUNDLE_LOADER = "$(TEST_HOST)";
				FRAMEWORK_SEARCH_PATHS = (
					"$(SDKROOT)/Developer/Library/Frameworks",
					"$(inherited)",
				);
				GCC_PREPROCESSOR_DEFINITIONS = (
					"DEBUG=1",
					"$(inherited)",
				);
				INFOPLIST_FILE = PersistenceLayerTests/Info.plist;
				LD_RUNPATH_SEARCH_PATHS = "$(inherited) @executable_path/Frameworks @loader_path/Frameworks";
				PRODUCT_NAME = "$(TARGET_NAME)";
				SWIFT_OBJC_BRIDGING_HEADER = "RioOlympics2016/RioOlympics2016-Bridging-Header.h";
				TEST_HOST = "$(BUILT_PRODUCTS_DIR)/RioOlympics2016.app/RioOlympics2016";
			};
			name = Debug;
		};
		A1D51F851B7F0B6B00146086 /* Release */ = {
			isa = XCBuildConfiguration;
			buildSettings = {
				BUNDLE_LOADER = "$(TEST_HOST)";
				FRAMEWORK_SEARCH_PATHS = (
					"$(SDKROOT)/Developer/Library/Frameworks",
					"$(inherited)",
				);
				INFOPLIST_FILE = PersistenceLayerTests/Info.plist;
				LD_RUNPATH_SEARCH_PATHS = "$(inherited) @executable_path/Frameworks @loader_path/Frameworks";
				PRODUCT_NAME = "$(TARGET_NAME)";
				SWIFT_OBJC_BRIDGING_HEADER = "RioOlympics2016/RioOlympics2016-Bridging-Header.h";
				TEST_HOST = "$(BUILT_PRODUCTS_DIR)/RioOlympics2016.app/RioOlympics2016";
			};
			name = Release;
		};
		A1F459381B72240F007DF525 /* Debug */ = {
			isa = XCBuildConfiguration;
			buildSettings = {
				ALWAYS_SEARCH_USER_PATHS = NO;
				CLANG_CXX_LANGUAGE_STANDARD = "gnu++0x";
				CLANG_CXX_LIBRARY = "libc++";
				CLANG_ENABLE_MODULES = YES;
				CLANG_ENABLE_OBJC_ARC = YES;
				CLANG_WARN_BOOL_CONVERSION = YES;
				CLANG_WARN_CONSTANT_CONVERSION = YES;
				CLANG_WARN_DIRECT_OBJC_ISA_USAGE = YES_ERROR;
				CLANG_WARN_EMPTY_BODY = YES;
				CLANG_WARN_ENUM_CONVERSION = YES;
				CLANG_WARN_INT_CONVERSION = YES;
				CLANG_WARN_OBJC_ROOT_CLASS = YES_ERROR;
				CLANG_WARN_UNREACHABLE_CODE = YES;
				CLANG_WARN__DUPLICATE_METHOD_MATCH = YES;
				"CODE_SIGN_IDENTITY[sdk=iphoneos*]" = "iPhone Developer";
				COPY_PHASE_STRIP = NO;
				DEBUG_INFORMATION_FORMAT = "dwarf-with-dsym";
				ENABLE_STRICT_OBJC_MSGSEND = YES;
				GCC_C_LANGUAGE_STANDARD = gnu99;
				GCC_DYNAMIC_NO_PIC = NO;
				GCC_NO_COMMON_BLOCKS = YES;
				GCC_OPTIMIZATION_LEVEL = 0;
				GCC_PREPROCESSOR_DEFINITIONS = (
					"DEBUG=1",
					"$(inherited)",
				);
				GCC_SYMBOLS_PRIVATE_EXTERN = NO;
				GCC_WARN_64_TO_32_BIT_CONVERSION = YES;
				GCC_WARN_ABOUT_RETURN_TYPE = YES_ERROR;
				GCC_WARN_UNDECLARED_SELECTOR = YES;
				GCC_WARN_UNINITIALIZED_AUTOS = YES_AGGRESSIVE;
				GCC_WARN_UNUSED_FUNCTION = YES;
				GCC_WARN_UNUSED_VARIABLE = YES;
				IPHONEOS_DEPLOYMENT_TARGET = 8.4;
				MTL_ENABLE_DEBUG_INFO = YES;
				ONLY_ACTIVE_ARCH = YES;
				SDKROOT = iphoneos;
				SWIFT_OPTIMIZATION_LEVEL = "-Onone";
				TARGETED_DEVICE_FAMILY = "1,2";
			};
			name = Debug;
		};
		A1F459391B72240F007DF525 /* Release */ = {
			isa = XCBuildConfiguration;
			buildSettings = {
				ALWAYS_SEARCH_USER_PATHS = NO;
				CLANG_CXX_LANGUAGE_STANDARD = "gnu++0x";
				CLANG_CXX_LIBRARY = "libc++";
				CLANG_ENABLE_MODULES = YES;
				CLANG_ENABLE_OBJC_ARC = YES;
				CLANG_WARN_BOOL_CONVERSION = YES;
				CLANG_WARN_CONSTANT_CONVERSION = YES;
				CLANG_WARN_DIRECT_OBJC_ISA_USAGE = YES_ERROR;
				CLANG_WARN_EMPTY_BODY = YES;
				CLANG_WARN_ENUM_CONVERSION = YES;
				CLANG_WARN_INT_CONVERSION = YES;
				CLANG_WARN_OBJC_ROOT_CLASS = YES_ERROR;
				CLANG_WARN_UNREACHABLE_CODE = YES;
				CLANG_WARN__DUPLICATE_METHOD_MATCH = YES;
				"CODE_SIGN_IDENTITY[sdk=iphoneos*]" = "iPhone Developer";
				COPY_PHASE_STRIP = NO;
				DEBUG_INFORMATION_FORMAT = "dwarf-with-dsym";
				ENABLE_NS_ASSERTIONS = NO;
				ENABLE_STRICT_OBJC_MSGSEND = YES;
				GCC_C_LANGUAGE_STANDARD = gnu99;
				GCC_NO_COMMON_BLOCKS = YES;
				GCC_WARN_64_TO_32_BIT_CONVERSION = YES;
				GCC_WARN_ABOUT_RETURN_TYPE = YES_ERROR;
				GCC_WARN_UNDECLARED_SELECTOR = YES;
				GCC_WARN_UNINITIALIZED_AUTOS = YES_AGGRESSIVE;
				GCC_WARN_UNUSED_FUNCTION = YES;
				GCC_WARN_UNUSED_VARIABLE = YES;
				IPHONEOS_DEPLOYMENT_TARGET = 8.4;
				MTL_ENABLE_DEBUG_INFO = NO;
				SDKROOT = iphoneos;
				TARGETED_DEVICE_FAMILY = "1,2";
				VALIDATE_PRODUCT = YES;
			};
			name = Release;
		};
		A1F4593B1B72240F007DF525 /* Debug */ = {
			isa = XCBuildConfiguration;
			buildSettings = {
				ASSETCATALOG_COMPILER_APPICON_NAME = AppIcon;
				CLANG_ENABLE_MODULES = YES;
				INFOPLIST_FILE = RioOlympics2016/Info.plist;
				LD_RUNPATH_SEARCH_PATHS = "$(inherited) @executable_path/Frameworks";
				PRODUCT_NAME = "$(TARGET_NAME)";
				SWIFT_OBJC_BRIDGING_HEADER = "RioOlympics2016/RioOlympics2016-Bridging-Header.h";
				SWIFT_OPTIMIZATION_LEVEL = "-Onone";
			};
			name = Debug;
		};
		A1F4593C1B72240F007DF525 /* Release */ = {
			isa = XCBuildConfiguration;
			buildSettings = {
				ASSETCATALOG_COMPILER_APPICON_NAME = AppIcon;
				CLANG_ENABLE_MODULES = YES;
				INFOPLIST_FILE = RioOlympics2016/Info.plist;
				LD_RUNPATH_SEARCH_PATHS = "$(inherited) @executable_path/Frameworks";
				PRODUCT_NAME = "$(TARGET_NAME)";
				SWIFT_OBJC_BRIDGING_HEADER = "RioOlympics2016/RioOlympics2016-Bridging-Header.h";
			};
			name = Release;
		};
/* End XCBuildConfiguration section */

/* Begin XCConfigurationList section */
		A1BBE97A1B80556600D8375E /* Build configuration list for PBXNativeTarget "BusinessLogicLayerTest" */ = {
			isa = XCConfigurationList;
			buildConfigurations = (
				A1BBE9781B80556600D8375E /* Debug */,
				A1BBE9791B80556600D8375E /* Release */,
			);
			defaultConfigurationIsVisible = 0;
			defaultConfigurationName = Release;
		};
		A1D51F831B7F0B6B00146086 /* Build configuration list for PBXNativeTarget "PersistenceLayerTests" */ = {
			isa = XCConfigurationList;
			buildConfigurations = (
				A1D51F841B7F0B6B00146086 /* Debug */,
				A1D51F851B7F0B6B00146086 /* Release */,
			);
			defaultConfigurationIsVisible = 0;
			defaultConfigurationName = Release;
		};
		A1F459161B72240F007DF525 /* Build configuration list for PBXProject "RioOlympics2016" */ = {
			isa = XCConfigurationList;
			buildConfigurations = (
				A1F459381B72240F007DF525 /* Debug */,
				A1F459391B72240F007DF525 /* Release */,
			);
			defaultConfigurationIsVisible = 0;
			defaultConfigurationName = Release;
		};
		A1F4593A1B72240F007DF525 /* Build configuration list for PBXNativeTarget "RioOlympics2016" */ = {
			isa = XCConfigurationList;
			buildConfigurations = (
				A1F4593B1B72240F007DF525 /* Debug */,
				A1F4593C1B72240F007DF525 /* Release */,
			);
			defaultConfigurationIsVisible = 0;
			defaultConfigurationName = Release;
		};
/* End XCConfigurationList section */
	};
	rootObject = A1F459131B72240F007DF525 /* Project object */;
}
